# This file is automatically @generated by Cargo.
# It is not intended for manual editing.
version = 4

[[package]]
name = "const-util"
version = "1.0.1"
dependencies = [
 "generic-upper-bound",
 "rustversion",
]

[[package]]
name = "generic-upper-bound"
version = "2.0.0"
source = "registry+https://github.com/rust-lang/crates.io-index"
checksum = "e1ebb8d086ec41d27ee576b46800b14d78af80af912cd3694f84214755b8f4b1"

[[package]]
name = "rustversion"
version = "1.0.21"
source = "registry+https://github.com/rust-lang/crates.io-index"
checksum = "8a0d197bd2c9dc6e53b84da9556a69ba4cdfab8619eb41a8bd1cc2027a0f6b1d"
